
Microsoft Visual Studio Solution File, Format Version 12.00
# Visual Studio 15
VisualStudioVersion = 15.0.33026.149
MinimumVisualStudioVersion = 10.0.40219.1
Project("{FAE04EC0-301F-11D3-BF4B-00C04F79EFBC}") = "Library Management System", "Library Management System\Library Management System.csproj", "{1D5F59B1-BB99-4557-A78F-115A98C15C1A}"
EndProject
Global
	GlobalSection(SolutionConfigurationPlatforms) = preSolution
		Debug|Any CPU = Debug|Any CPU
		Release|Any CPU = Release|Any CPU
	EndGlobalSection
	GlobalSection(ProjectConfigurationPlatforms) = postSolution
		{1D5F59B1-BB99-4557-A78F-115A98C15C1A}.Debug|Any CPU.ActiveCfg = Debug|Any CPU
		{1D5F59B1-BB99-4557-A78F-115A98C15C1A}.Debug|Any CPU.Build.0 = Debug|Any CPU
		{1D5F59B1-BB99-4557-A78F-115A98C15C1A}.Release|Any CPU.ActiveCfg = Release|Any CPU
		{1D5F59B1-BB99-4557-A78F-115A98C15C1A}.Release|Any CPU.Build.0 = Release|Any CPU
	EndGlobalSection
	GlobalSection(SolutionProperties) = preSolution
		HideSolutionNode = FALSE
	EndGlobalSection
	GlobalSection(ExtensibilityGlobals) = postSolution
		SolutionGuid = {DE248082-50A3-4BAE-84B6-253105DA1374}
	EndGlobalSection
EndGlobal
